
Microsoft Visual Studio Solution File, Format Version 12.00
# Visual Studio 15
VisualStudioVersion = 15.0.28307.539
MinimumVisualStudioVersion = 10.0.40219.1
Project("{FAE04EC0-301F-11D3-BF4B-00C04F79EFBC}") = "TheIsle-DinoInjectionTool", "TheIsle-DinoInjectionTool\TheIsle-DinoInjectionTool.csproj", "{049CA52D-2BCD-4B8E-9EF7-DB9986E7D89A}"
EndProject
Global
	GlobalSection(SolutionConfigurationPlatforms) = preSolution
		Debug|Any CPU = Debug|Any CPU
		Release|Any CPU = Release|Any CPU
	EndGlobalSection
	GlobalSection(ProjectConfigurationPlatforms) = postSolution
		{049CA52D-2BCD-4B8E-9EF7-DB9986E7D89A}.Debug|Any CPU.ActiveCfg = Debug|Any CPU
		{049CA52D-2BCD-4B8E-9EF7-DB9986E7D89A}.Debug|Any CPU.Build.0 = Debug|Any CPU
		{049CA52D-2BCD-4B8E-9EF7-DB9986E7D89A}.Release|Any CPU.ActiveCfg = Release|Any CPU
		{049CA52D-2BCD-4B8E-9EF7-DB9986E7D89A}.Release|Any CPU.Build.0 = Release|Any CPU
	EndGlobalSection
	GlobalSection(SolutionProperties) = preSolution
		HideSolutionNode = FALSE
	EndGlobalSection
	GlobalSection(ExtensibilityGlobals) = postSolution
		SolutionGuid = {90CEE824-1C59-439F-9E95-FF441525F54B}
	EndGlobalSection
EndGlobal
